{
  "object": {
    "pins": [
      {
        "package": "FMDB",
        "repositoryURL": "https://github.com/ccgus/fmdb",
        "state": {
          "branch": null,
          "revision": "61e51fde7f7aab6554f30ab061cc588b28a97d04",
          "version": "2.7.7"
        }
      },
      {
        "package": "RZExternal",
        "repositoryURL": "https://github.com/roznet/rzexternal.git",
        "state": {
          "branch": "master",
          "revision": "18fdf1337eddd27714b390b21636b47d343ac1c2",
          "version": null
        }
      },
      {
        "package": "RZUtils",
        "repositoryURL": "https://github.com/roznet/rzutils.git",
        "state": {
          "branch": "master",
          "revision": "fe152b4201be7db29963128d50f6f306a94dcb45",
          "version": null
        }
      },
      {
        "package": "RZUtilsTouch",
        "repositoryURL": "https://github.com/roznet/rzutils-touch.git",
        "state": {
          "branch": "main",
          "revision": "82f5b76990b6929c78cdf105237f78822b8c27b3",
          "version": null
        }
      }
    ]
  },
  "version": 1
}
