// !$*UTF8*$!
{
	archiveVersion = 1;
	classes = {
	};
	objectVersion = 46;
	objects = {

/* Begin PBXBuildFile section */
		4205E9CA1B07EF9500BA3EED /* GBR_adm1.shx in Resources */ = {isa = PBXBuildFile; fileRef = 4205E9C41B07EF9500BA3EED /* GBR_adm1.shx */; };
		4205E9CB1B07EF9500BA3EED /* GBR_adm1.shp in Resources */ = {isa = PBXBuildFile; fileRef = 4205E9C51B07EF9500BA3EED /* GBR_adm1.shp */; };
		4205E9CC1B07EF9500BA3EED /* GBR_adm1.dbf in Resources */ = {isa = PBXBuildFile; fileRef = 4205E9C61B07EF9500BA3EED /* GBR_adm1.dbf */; };
		42248BEA2014DF84006ADC90 /* RZUtils.framework in Frameworks */ = {isa = PBXBuildFile; fileRef = 4224899D2014DF52006ADC90 /* RZUtils.framework */; };
		42248BEB2014DF84006ADC90 /* RZUtils.framework in Embed Frameworks */ = {isa = PBXBuildFile; fileRef = 4224899D2014DF52006ADC90 /* RZUtils.framework */; settings = {ATTRIBUTES = (CodeSignOnCopy, RemoveHeadersOnCopy, ); }; };
		42248BEF2014E00E006ADC90 /* RZUtilsOSX.framework in Frameworks */ = {isa = PBXBuildFile; fileRef = 422489B12014DF52006ADC90 /* RZUtilsOSX.framework */; };
		42248BF02014E00E006ADC90 /* RZUtilsOSX.framework in Embed Frameworks */ = {isa = PBXBuildFile; fileRef = 422489B12014DF52006ADC90 /* RZUtilsOSX.framework */; settings = {ATTRIBUTES = (CodeSignOnCopy, RemoveHeadersOnCopy, ); }; };
		42248BF32014E01C006ADC90 /* RZUtilsUniversal.framework in Frameworks */ = {isa = PBXBuildFile; fileRef = 422489A52014DF52006ADC90 /* RZUtilsUniversal.framework */; };
		42248BF42014E01C006ADC90 /* RZUtilsUniversal.framework in Embed Frameworks */ = {isa = PBXBuildFile; fileRef = 422489A52014DF52006ADC90 /* RZUtilsUniversal.framework */; settings = {ATTRIBUTES = (CodeSignOnCopy, RemoveHeadersOnCopy, ); }; };
		42248C152014E1D9006ADC90 /* RZExternalUniversal.framework in Frameworks */ = {isa = PBXBuildFile; fileRef = 42248C142014E1D4006ADC90 /* RZExternalUniversal.framework */; };
		42248C162014E1D9006ADC90 /* RZExternalUniversal.framework in Embed Frameworks */ = {isa = PBXBuildFile; fileRef = 42248C142014E1D4006ADC90 /* RZExternalUniversal.framework */; settings = {ATTRIBUTES = (CodeSignOnCopy, RemoveHeadersOnCopy, ); }; };
		42248C192014E3E2006ADC90 /* RZExternalUniversal.framework in Frameworks */ = {isa = PBXBuildFile; fileRef = 42248C142014E1D4006ADC90 /* RZExternalUniversal.framework */; };
		42248C1A2014E3E2006ADC90 /* RZExternalUniversal.framework in Embed Frameworks */ = {isa = PBXBuildFile; fileRef = 42248C142014E1D4006ADC90 /* RZExternalUniversal.framework */; settings = {ATTRIBUTES = (CodeSignOnCopy, RemoveHeadersOnCopy, ); }; };
		42248C1D2014E3E2006ADC90 /* RZUtils.framework in Frameworks */ = {isa = PBXBuildFile; fileRef = 4224899D2014DF52006ADC90 /* RZUtils.framework */; };
		42248C1E2014E3E2006ADC90 /* RZUtils.framework in Embed Frameworks */ = {isa = PBXBuildFile; fileRef = 4224899D2014DF52006ADC90 /* RZUtils.framework */; settings = {ATTRIBUTES = (CodeSignOnCopy, RemoveHeadersOnCopy, ); }; };
		42248C212014E3E2006ADC90 /* RZUtilsUniversal.framework in Frameworks */ = {isa = PBXBuildFile; fileRef = 422489A52014DF52006ADC90 /* RZUtilsUniversal.framework */; };
		42248C222014E3E2006ADC90 /* RZUtilsUniversal.framework in Embed Frameworks */ = {isa = PBXBuildFile; fileRef = 422489A52014DF52006ADC90 /* RZUtilsUniversal.framework */; settings = {ATTRIBUTES = (CodeSignOnCopy, RemoveHeadersOnCopy, ); }; };
		42248C252014E3E2006ADC90 /* RZUtilsTouch.framework in Frameworks */ = {isa = PBXBuildFile; fileRef = 422489AD2014DF52006ADC90 /* RZUtilsTouch.framework */; };
		42248C262014E3E2006ADC90 /* RZUtilsTouch.framework in Embed Frameworks */ = {isa = PBXBuildFile; fileRef = 422489AD2014DF52006ADC90 /* RZUtilsTouch.framework */; settings = {ATTRIBUTES = (CodeSignOnCopy, RemoveHeadersOnCopy, ); }; };
		422637B21B07820E005461E3 /* TM_WORLD_BORDERS-0.2.dbf in Resources */ = {isa = PBXBuildFile; fileRef = 422637A61B07820E005461E3 /* TM_WORLD_BORDERS-0.2.dbf */; };
		422637B31B07820E005461E3 /* TM_WORLD_BORDERS-0.2.prj in Resources */ = {isa = PBXBuildFile; fileRef = 422637A71B07820E005461E3 /* TM_WORLD_BORDERS-0.2.prj */; };
		422637B41B07820E005461E3 /* TM_WORLD_BORDERS-0.2.shp in Resources */ = {isa = PBXBuildFile; fileRef = 422637A81B07820E005461E3 /* TM_WORLD_BORDERS-0.2.shp */; };
		422637B51B07820E005461E3 /* TM_WORLD_BORDERS-0.2.shx in Resources */ = {isa = PBXBuildFile; fileRef = 422637A91B07820E005461E3 /* TM_WORLD_BORDERS-0.2.shx */; };
		422637BA1B07820E005461E3 /* JPN_adm1.dbf in Resources */ = {isa = PBXBuildFile; fileRef = 422637AE1B07820E005461E3 /* JPN_adm1.dbf */; };
		422637BB1B07820E005461E3 /* JPN_adm1.prj in Resources */ = {isa = PBXBuildFile; fileRef = 422637AF1B07820E005461E3 /* JPN_adm1.prj */; };
		422637BC1B07820E005461E3 /* JPN_adm1.shp in Resources */ = {isa = PBXBuildFile; fileRef = 422637B01B07820E005461E3 /* JPN_adm1.shp */; };
		422637BD1B07820E005461E3 /* JPN_adm1.shx in Resources */ = {isa = PBXBuildFile; fileRef = 422637B11B07820E005461E3 /* JPN_adm1.shx */; };
		424F92C81B0930D60075C5F1 /* regions-20140306-100m.shx in Resources */ = {isa = PBXBuildFile; fileRef = 424F92C21B0930D60075C5F1 /* regions-20140306-100m.shx */; };
		424F92C91B0930D60075C5F1 /* regions-20140306-100m.shp in Resources */ = {isa = PBXBuildFile; fileRef = 424F92C31B0930D60075C5F1 /* regions-20140306-100m.shp */; };
		424F92CA1B0930D60075C5F1 /* regions-20140306-100m.dbf in Resources */ = {isa = PBXBuildFile; fileRef = 424F92C41B0930D60075C5F1 /* regions-20140306-100m.dbf */; };
		424F92CB1B0930D60075C5F1 /* states.dbf in Resources */ = {isa = PBXBuildFile; fileRef = 424F92C51B0930D60075C5F1 /* states.dbf */; };
		424F92CC1B0930D60075C5F1 /* states.shx in Resources */ = {isa = PBXBuildFile; fileRef = 424F92C61B0930D60075C5F1 /* states.shx */; };
		424F92CD1B0930D60075C5F1 /* states.shp in Resources */ = {isa = PBXBuildFile; fileRef = 424F92C71B0930D60075C5F1 /* states.shp */; };
		42792C1B1AC80FCB00555013 /* VCViewConfig.m in Sources */ = {isa = PBXBuildFile; fileRef = 42792C1A1AC80FCB00555013 /* VCViewConfig.m */; };
		42792C781AC8328E00555013 /* AppDelegate.m in Sources */ = {isa = PBXBuildFile; fileRef = 42792C771AC8328E00555013 /* AppDelegate.m */; };
		42792C7A1AC8328E00555013 /* main.m in Sources */ = {isa = PBXBuildFile; fileRef = 42792C791AC8328E00555013 /* main.m */; };
		42792C7C1AC8328E00555013 /* Images.xcassets in Resources */ = {isa = PBXBuildFile; fileRef = 42792C7B1AC8328E00555013 /* Images.xcassets */; };
		42792C7F1AC8328E00555013 /* MainMenu.xib in Resources */ = {isa = PBXBuildFile; fileRef = 42792C7D1AC8328E00555013 /* MainMenu.xib */; };
		42792C8B1AC8328E00555013 /* shapeviewTests.m in Sources */ = {isa = PBXBuildFile; fileRef = 42792C8A1AC8328E00555013 /* shapeviewTests.m */; };
		42792C941AC832E200555013 /* SVShapeTableViewController.m in Sources */ = {isa = PBXBuildFile; fileRef = 42792C931AC832E200555013 /* SVShapeTableViewController.m */; };
		427DF7BD1ACE91F7009E8B82 /* SVPreferenceViewController.m in Sources */ = {isa = PBXBuildFile; fileRef = 427DF7BB1ACE91F7009E8B82 /* SVPreferenceViewController.m */; };
		427DF7BE1ACE91F7009E8B82 /* SVPreferenceViewController.xib in Resources */ = {isa = PBXBuildFile; fileRef = 427DF7BC1ACE91F7009E8B82 /* SVPreferenceViewController.xib */; };
		42866FEF1B053A67003C99FB /* VCShape.m in Sources */ = {isa = PBXBuildFile; fileRef = 42866FEE1B053A67003C99FB /* VCShape.m */; };
		42866FF21B053B04003C99FB /* VCShapeSetDefinition.m in Sources */ = {isa = PBXBuildFile; fileRef = 42866FF11B053B04003C99FB /* VCShapeSetDefinition.m */; };
		42866FF51B0696EF003C99FB /* VCShapeCountry.m in Sources */ = {isa = PBXBuildFile; fileRef = 42866FF41B0696EF003C99FB /* VCShapeCountry.m */; };
		42866FF81B069DEC003C99FB /* VCShapeSetSelection.m in Sources */ = {isa = PBXBuildFile; fileRef = 42866FF71B069DEC003C99FB /* VCShapeSetSelection.m */; };
		42866FFB1B07E8AE003C99FB /* VCShapeBundleDefinitions.m in Sources */ = {isa = PBXBuildFile; fileRef = 42866FFA1B07E8AE003C99FB /* VCShapeBundleDefinitions.m */; };
		42AB58CB1ABEE2BF00E35672 /* VCFilteredArrayTests.m in Sources */ = {isa = PBXBuildFile; fileRef = 42AB58CA1ABEE2BF00E35672 /* VCFilteredArrayTests.m */; };
		42B16F6E211E3B12005AF360 /* VCSelectionTableViewController.m in Sources */ = {isa = PBXBuildFile; fileRef = 42B16F6D211E3B12005AF360 /* VCSelectionTableViewController.m */; };
		42C875741AB785BF00ED1B9B /* main.m in Sources */ = {isa = PBXBuildFile; fileRef = 42C875731AB785BF00ED1B9B /* main.m */; };
		42C875771AB785BF00ED1B9B /* VCAppDelegate.m in Sources */ = {isa = PBXBuildFile; fileRef = 42C875761AB785BF00ED1B9B /* VCAppDelegate.m */; };
		42C8757A1AB785BF00ED1B9B /* VCMapViewController.m in Sources */ = {isa = PBXBuildFile; fileRef = 42C875791AB785BF00ED1B9B /* VCMapViewController.m */; };
		42C8757F1AB785BF00ED1B9B /* Images.xcassets in Resources */ = {isa = PBXBuildFile; fileRef = 42C8757E1AB785BF00ED1B9B /* Images.xcassets */; };
		42C875821AB785BF00ED1B9B /* LaunchScreen.xib in Resources */ = {isa = PBXBuildFile; fileRef = 42C875801AB785BF00ED1B9B /* LaunchScreen.xib */; };
		42C8758E1AB785BF00ED1B9B /* VisitedCountriesTests.m in Sources */ = {isa = PBXBuildFile; fileRef = 42C8758D1AB785BF00ED1B9B /* VisitedCountriesTests.m */; };
		42C876381AB8DB2800ED1B9B /* libsqlite3.dylib in Frameworks */ = {isa = PBXBuildFile; fileRef = 42C876371AB8DB2800ED1B9B /* libsqlite3.dylib */; };
		42C8763D1ABB829D00ED1B9B /* flags.bundle in Resources */ = {isa = PBXBuildFile; fileRef = 42C8763C1ABB829D00ED1B9B /* flags.bundle */; };
		42C876441ABD703000ED1B9B /* VCAppGlobal.m in Sources */ = {isa = PBXBuildFile; fileRef = 42C876431ABD703000ED1B9B /* VCAppGlobal.m */; };
		42C876471ABD748900ED1B9B /* VCCountriesTableViewController.m in Sources */ = {isa = PBXBuildFile; fileRef = 42C876461ABD748900ED1B9B /* VCCountriesTableViewController.m */; };
		42C8764A1ABD769700ED1B9B /* VCTabBarViewController.m in Sources */ = {isa = PBXBuildFile; fileRef = 42C876491ABD769700ED1B9B /* VCTabBarViewController.m */; };
		42F132B31AC3FDC300510A34 /* VCShapeSetOrganizer.m in Sources */ = {isa = PBXBuildFile; fileRef = 42F132B21AC3FDC300510A34 /* VCShapeSetOrganizer.m */; };
		42F132B61AC3FE1200510A34 /* VCCountry.m in Sources */ = {isa = PBXBuildFile; fileRef = 42F132B51AC3FE1200510A34 /* VCCountry.m */; };
		42F75E562159410400A567FE /* VCShapeSetChoice.m in Sources */ = {isa = PBXBuildFile; fileRef = 42F75E552159410400A567FE /* VCShapeSetChoice.m */; };
		42F957EB1AD181B300D6B080 /* VCStatsTableViewController.m in Sources */ = {isa = PBXBuildFile; fileRef = 42F957EA1AD181B300D6B080 /* VCStatsTableViewController.m */; };
/* End PBXBuildFile section */

/* Begin PBXContainerItemProxy section */
		4224899C2014DF52006ADC90 /* PBXContainerItemProxy */ = {
			isa = PBXContainerItemProxy;
			containerPortal = 4224898C2014DF52006ADC90 /* RZUtils.xcodeproj */;
			proxyType = 2;
			remoteGlobalIDString = 423829271EAB534100252217;
			remoteInfo = RZUtils;
		};
		4224899E2014DF52006ADC90 /* PBXContainerItemProxy */ = {
			isa = PBXContainerItemProxy;
			containerPortal = 4224898C2014DF52006ADC90 /* RZUtils.xcodeproj */;
			proxyType = 2;
			remoteGlobalIDString = 423829301EAB534100252217;
			remoteInfo = RZUtilsTests;
		};
		422489A02014DF52006ADC90 /* PBXContainerItemProxy */ = {
			isa = PBXContainerItemProxy;
			containerPortal = 4224898C2014DF52006ADC90 /* RZUtils.xcodeproj */;
			proxyType = 2;
			remoteGlobalIDString = 42382A451EAB584600252217;
			remoteInfo = RZUtilsSwift;
		};
		422489A22014DF52006ADC90 /* PBXContainerItemProxy */ = {
			isa = PBXContainerItemProxy;
			containerPortal = 4224898C2014DF52006ADC90 /* RZUtils.xcodeproj */;
			proxyType = 2;
			remoteGlobalIDString = 42382A4D1EAB584600252217;
			remoteInfo = RZUtilsSwiftTests;
		};
		422489A42014DF52006ADC90 /* PBXContainerItemProxy */ = {
			isa = PBXContainerItemProxy;
			containerPortal = 4224898C2014DF52006ADC90 /* RZUtils.xcodeproj */;
			proxyType = 2;
			remoteGlobalIDString = 42382A6C1EABA4AC00252217;
			remoteInfo = RZUtilsUniversal;
		};
		422489A62014DF52006ADC90 /* PBXContainerItemProxy */ = {
			isa = PBXContainerItemProxy;
			containerPortal = 4224898C2014DF52006ADC90 /* RZUtils.xcodeproj */;
			proxyType = 2;
			remoteGlobalIDString = 42382A741EABA4AC00252217;
			remoteInfo = RZUtilsUniversalTests;
		};
		422489A82014DF52006ADC90 /* PBXContainerItemProxy */ = {
			isa = PBXContainerItemProxy;
			containerPortal = 4224898C2014DF52006ADC90 /* RZUtils.xcodeproj */;
			proxyType = 2;
			remoteGlobalIDString = 42382AAA1EAC824900252217;
			remoteInfo = RZUtilsHealthkit;
		};
		422489AA2014DF52006ADC90 /* PBXContainerItemProxy */ = {
			isa = PBXContainerItemProxy;
			containerPortal = 4224898C2014DF52006ADC90 /* RZUtils.xcodeproj */;
			proxyType = 2;
			remoteGlobalIDString = 42382AB21EAC824900252217;
			remoteInfo = RZUtilsHealthkitTests;
		};
		422489AC2014DF52006ADC90 /* PBXContainerItemProxy */ = {
			isa = PBXContainerItemProxy;
			containerPortal = 4224898C2014DF52006ADC90 /* RZUtils.xcodeproj */;
			proxyType = 2;
			remoteGlobalIDString = 42382AD01EAC9BC700252217;
			remoteInfo = RZUtilsTouch;
		};
		422489AE2014DF52006ADC90 /* PBXContainerItemProxy */ = {
			isa = PBXContainerItemProxy;
			containerPortal = 4224898C2014DF52006ADC90 /* RZUtils.xcodeproj */;
			proxyType = 2;
			remoteGlobalIDString = 42382AD81EAC9BC700252217;
			remoteInfo = RZUtilsTouchTests;
		};
		422489B02014DF52006ADC90 /* PBXContainerItemProxy */ = {
			isa = PBXContainerItemProxy;
			containerPortal = 4224898C2014DF52006ADC90 /* RZUtils.xcodeproj */;
			proxyType = 2;
			remoteGlobalIDString = 42382B6A1EAC9DBD00252217;
			remoteInfo = RZUtilsOSX;
		};
		422489B22014DF52006ADC90 /* PBXContainerItemProxy */ = {
			isa = PBXContainerItemProxy;
			containerPortal = 4224898C2014DF52006ADC90 /* RZUtils.xcodeproj */;
			proxyType = 2;
			remoteGlobalIDString = 42382B721EAC9DBD00252217;
			remoteInfo = RZUtilsOSXTests;
		};
		422489B42014DF52006ADC90 /* PBXContainerItemProxy */ = {
			isa = PBXContainerItemProxy;
			containerPortal = 4224898C2014DF52006ADC90 /* RZUtils.xcodeproj */;
			proxyType = 2;
			remoteGlobalIDString = 428BE85420013D4200E14A61;
			remoteInfo = RZUtilsTestInfra;
		};
		42248BE02014DF6D006ADC90 /* PBXContainerItemProxy */ = {
			isa = PBXContainerItemProxy;
			containerPortal = 42248BDA2014DF6C006ADC90 /* RZExternal.xcodeproj */;
			proxyType = 2;
			remoteGlobalIDString = 42B263CF1FF8309700E891A1;
			remoteInfo = RZExternal;
		};
		42248BE22014DF6D006ADC90 /* PBXContainerItemProxy */ = {
			isa = PBXContainerItemProxy;
			containerPortal = 42248BDA2014DF6C006ADC90 /* RZExternal.xcodeproj */;
			proxyType = 2;
			remoteGlobalIDString = 42EBC0201FFAC18A0009B385;
			remoteInfo = RZExternalTestUtils;
		};
		42248BE42014DF6D006ADC90 /* PBXContainerItemProxy */ = {
			isa = PBXContainerItemProxy;
			containerPortal = 42248BDA2014DF6C006ADC90 /* RZExternal.xcodeproj */;
			proxyType = 2;
			remoteGlobalIDString = 42A007BF20012ADC00019CB3;
			remoteInfo = RZExternalCpp;
		};
		42248BEC2014DF84006ADC90 /* PBXContainerItemProxy */ = {
			isa = PBXContainerItemProxy;
			containerPortal = 4224898C2014DF52006ADC90 /* RZUtils.xcodeproj */;
			proxyType = 1;
			remoteGlobalIDString = 423829261EAB534100252217;
			remoteInfo = RZUtils;
		};
		42248BF12014E00E006ADC90 /* PBXContainerItemProxy */ = {
			isa = PBXContainerItemProxy;
			containerPortal = 4224898C2014DF52006ADC90 /* RZUtils.xcodeproj */;
			proxyType = 1;
			remoteGlobalIDString = 42382B691EAC9DBD00252217;
			remoteInfo = RZUtilsOSX;
		};
		42248BF52014E01C006ADC90 /* PBXContainerItemProxy */ = {
			isa = PBXContainerItemProxy;
			containerPortal = 4224898C2014DF52006ADC90 /* RZUtils.xcodeproj */;
			proxyType = 1;
			remoteGlobalIDString = 42382A6B1EABA4AC00252217;
			remoteInfo = RZUtilsUniversal;
		};
		42248C132014E1D4006ADC90 /* PBXContainerItemProxy */ = {
			isa = PBXContainerItemProxy;
			containerPortal = 42248BDA2014DF6C006ADC90 /* RZExternal.xcodeproj */;
			proxyType = 2;
			remoteGlobalIDString = 42248C022014E16A006ADC90;
			remoteInfo = RZExternalUniversal;
		};
		42248C172014E1D9006ADC90 /* PBXContainerItemProxy */ = {
			isa = PBXContainerItemProxy;
			containerPortal = 42248BDA2014DF6C006ADC90 /* RZExternal.xcodeproj */;
			proxyType = 1;
			remoteGlobalIDString = 42248C012014E16A006ADC90;
			remoteInfo = RZExternalUniversal;
		};
		42248C1B2014E3E2006ADC90 /* PBXContainerItemProxy */ = {
			isa = PBXContainerItemProxy;
			containerPortal = 42248BDA2014DF6C006ADC90 /* RZExternal.xcodeproj */;
			proxyType = 1;
			remoteGlobalIDString = 42248C012014E16A006ADC90;
			remoteInfo = RZExternalUniversal;
		};
		42248C1F2014E3E2006ADC90 /* PBXContainerItemProxy */ = {
			isa = PBXContainerItemProxy;
			containerPortal = 4224898C2014DF52006ADC90 /* RZUtils.xcodeproj */;
			proxyType = 1;
			remoteGlobalIDString = 423829261EAB534100252217;
			remoteInfo = RZUtils;
		};
		42248C232014E3E2006ADC90 /* PBXContainerItemProxy */ = {
			isa = PBXContainerItemProxy;
			containerPortal = 4224898C2014DF52006ADC90 /* RZUtils.xcodeproj */;
			proxyType = 1;
			remoteGlobalIDString = 42382A6B1EABA4AC00252217;
			remoteInfo = RZUtilsUniversal;
		};
		42248C272014E3E2006ADC90 /* PBXContainerItemProxy */ = {
			isa = PBXContainerItemProxy;
			containerPortal = 4224898C2014DF52006ADC90 /* RZUtils.xcodeproj */;
			proxyType = 1;
			remoteGlobalIDString = 42382ACF1EAC9BC700252217;
			remoteInfo = RZUtilsTouch;
		};
		42792C851AC8328E00555013 /* PBXContainerItemProxy */ = {
			isa = PBXContainerItemProxy;
			containerPortal = 42C875661AB785BF00ED1B9B /* Project object */;
			proxyType = 1;
			remoteGlobalIDString = 42792C711AC8328E00555013;
			remoteInfo = shapeview;
		};
		42C875881AB785BF00ED1B9B /* PBXContainerItemProxy */ = {
			isa = PBXContainerItemProxy;
			containerPortal = 42C875661AB785BF00ED1B9B /* Project object */;
			proxyType = 1;
			remoteGlobalIDString = 42C8756D1AB785BF00ED1B9B;
			remoteInfo = VisitedCountries;
		};
/* End PBXContainerItemProxy section */

/* Begin PBXCopyFilesBuildPhase section */
		42248BEE2014DF84006ADC90 /* Embed Frameworks */ = {
			isa = PBXCopyFilesBuildPhase;
			buildActionMask = 2147483647;
			dstPath = "";
			dstSubfolderSpec = 10;
			files = (
				42248BF42014E01C006ADC90 /* RZUtilsUniversal.framework in Embed Frameworks */,
				42248C162014E1D9006ADC90 /* RZExternalUniversal.framework in Embed Frameworks */,
				42248BEB2014DF84006ADC90 /* RZUtils.framework in Embed Frameworks */,
				42248BF02014E00E006ADC90 /* RZUtilsOSX.framework in Embed Frameworks */,
			);
			name = "Embed Frameworks";
			runOnlyForDeploymentPostprocessing = 0;
		};
		4255554D1EFFB95000841AF2 /* Embed Frameworks */ = {
			isa = PBXCopyFilesBuildPhase;
			buildActionMask = 2147483647;
			dstPath = "";
			dstSubfolderSpec = 10;
			files = (
				42248C1E2014E3E2006ADC90 /* RZUtils.framework in Embed Frameworks */,
				42248C1A2014E3E2006ADC90 /* RZExternalUniversal.framework in Embed Frameworks */,
				42248C262014E3E2006ADC90 /* RZUtilsTouch.framework in Embed Frameworks */,
				42248C222014E3E2006ADC90 /* RZUtilsUniversal.framework in Embed Frameworks */,
			);
			name = "Embed Frameworks";
			runOnlyForDeploymentPostprocessing = 0;
		};
/* End PBXCopyFilesBuildPhase section */

/* Begin PBXFileReference section */
		4205E9C41B07EF9500BA3EED /* GBR_adm1.shx */ = {isa = PBXFileReference; lastKnownFileType = file; name = GBR_adm1.shx; path = shapefiles/GBR_adm1.shx; sourceTree = "<group>"; };
		4205E9C51B07EF9500BA3EED /* GBR_adm1.shp */ = {isa = PBXFileReference; lastKnownFileType = file; name = GBR_adm1.shp; path = shapefiles/GBR_adm1.shp; sourceTree = "<group>"; };
		4205E9C61B07EF9500BA3EED /* GBR_adm1.dbf */ = {isa = PBXFileReference; lastKnownFileType = file; name = GBR_adm1.dbf; path = shapefiles/GBR_adm1.dbf; sourceTree = "<group>"; };
		4224898C2014DF52006ADC90 /* RZUtils.xcodeproj */ = {isa = PBXFileReference; lastKnownFileType = "wrapper.pb-project"; name = RZUtils.xcodeproj; path = RZUtils/RZUtils.xcodeproj; sourceTree = "<group>"; };
		42248BDA2014DF6C006ADC90 /* RZExternal.xcodeproj */ = {isa = PBXFileReference; lastKnownFileType = "wrapper.pb-project"; name = RZExternal.xcodeproj; path = RZExternal/RZExternal.xcodeproj; sourceTree = "<group>"; };
		422637A61B07820E005461E3 /* TM_WORLD_BORDERS-0.2.dbf */ = {isa = PBXFileReference; lastKnownFileType = file; name = "TM_WORLD_BORDERS-0.2.dbf"; path = "shapefiles/TM_WORLD_BORDERS-0.2.dbf"; sourceTree = "<group>"; };
		422637A71B07820E005461E3 /* TM_WORLD_BORDERS-0.2.prj */ = {isa = PBXFileReference; fileEncoding = 4; lastKnownFileType = text; name = "TM_WORLD_BORDERS-0.2.prj"; path = "shapefiles/TM_WORLD_BORDERS-0.2.prj"; sourceTree = "<group>"; };
		422637A81B07820E005461E3 /* TM_WORLD_BORDERS-0.2.shp */ = {isa = PBXFileReference; lastKnownFileType = file; name = "TM_WORLD_BORDERS-0.2.shp"; path = "shapefiles/TM_WORLD_BORDERS-0.2.shp"; sourceTree = "<group>"; };
		422637A91B07820E005461E3 /* TM_WORLD_BORDERS-0.2.shx */ = {isa = PBXFileReference; lastKnownFileType = file; name = "TM_WORLD_BORDERS-0.2.shx"; path = "shapefiles/TM_WORLD_BORDERS-0.2.shx"; sourceTree = "<group>"; };
		422637AE1B07820E005461E3 /* JPN_adm1.dbf */ = {isa = PBXFileReference; lastKnownFileType = file; name = JPN_adm1.dbf; path = shapefiles/JPN_adm1.dbf; sourceTree = "<group>"; };
		422637AF1B07820E005461E3 /* JPN_adm1.prj */ = {isa = PBXFileReference; fileEncoding = 4; lastKnownFileType = text; name = JPN_adm1.prj; path = shapefiles/JPN_adm1.prj; sourceTree = "<group>"; };
		422637B01B07820E005461E3 /* JPN_adm1.shp */ = {isa = PBXFileReference; lastKnownFileType = file; name = JPN_adm1.shp; path = shapefiles/JPN_adm1.shp; sourceTree = "<group>"; };
		422637B11B07820E005461E3 /* JPN_adm1.shx */ = {isa = PBXFileReference; lastKnownFileType = file; name = JPN_adm1.shx; path = shapefiles/JPN_adm1.shx; sourceTree = "<group>"; };
		424F92C21B0930D60075C5F1 /* regions-20140306-100m.shx */ = {isa = PBXFileReference; lastKnownFileType = file; name = "regions-20140306-100m.shx"; path = "shapefiles/regions-20140306-100m.shx"; sourceTree = "<group>"; };
		424F92C31B0930D60075C5F1 /* regions-20140306-100m.shp */ = {isa = PBXFileReference; lastKnownFileType = file; name = "regions-20140306-100m.shp"; path = "shapefiles/regions-20140306-100m.shp"; sourceTree = "<group>"; };
		424F92C41B0930D60075C5F1 /* regions-20140306-100m.dbf */ = {isa = PBXFileReference; lastKnownFileType = file; name = "regions-20140306-100m.dbf"; path = "shapefiles/regions-20140306-100m.dbf"; sourceTree = "<group>"; };
		424F92C51B0930D60075C5F1 /* states.dbf */ = {isa = PBXFileReference; lastKnownFileType = file; name = states.dbf; path = shapefiles/states.dbf; sourceTree = "<group>"; };
		424F92C61B0930D60075C5F1 /* states.shx */ = {isa = PBXFileReference; lastKnownFileType = file; name = states.shx; path = shapefiles/states.shx; sourceTree = "<group>"; };
		424F92C71B0930D60075C5F1 /* states.shp */ = {isa = PBXFileReference; lastKnownFileType = file; name = states.shp; path = shapefiles/states.shp; sourceTree = "<group>"; };
		42792C191AC80FCB00555013 /* VCViewConfig.h */ = {isa = PBXFileReference; fileEncoding = 4; lastKnownFileType = sourcecode.c.h; name = VCViewConfig.h; path = src/VCViewConfig.h; sourceTree = "<group>"; };
		42792C1A1AC80FCB00555013 /* VCViewConfig.m */ = {isa = PBXFileReference; fileEncoding = 4; lastKnownFileType = sourcecode.c.objc; name = VCViewConfig.m; path = src/VCViewConfig.m; sourceTree = "<group>"; };
		42792C721AC8328E00555013 /* Shapefile Explorer.app */ = {isa = PBXFileReference; explicitFileType = wrapper.application; includeInIndex = 0; path = "Shapefile Explorer.app"; sourceTree = BUILT_PRODUCTS_DIR; };
		42792C751AC8328E00555013 /* Info.plist */ = {isa = PBXFileReference; lastKnownFileType = text.plist.xml; path = Info.plist; sourceTree = "<group>"; };
		42792C761AC8328E00555013 /* AppDelegate.h */ = {isa = PBXFileReference; lastKnownFileType = sourcecode.c.h; path = AppDelegate.h; sourceTree = "<group>"; };
		42792C771AC8328E00555013 /* AppDelegate.m */ = {isa = PBXFileReference; lastKnownFileType = sourcecode.c.objc; path = AppDelegate.m; sourceTree = "<group>"; };
		42792C791AC8328E00555013 /* main.m */ = {isa = PBXFileReference; lastKnownFileType = sourcecode.c.objc; path = main.m; sourceTree = "<group>"; };
		42792C7B1AC8328E00555013 /* Images.xcassets */ = {isa = PBXFileReference; lastKnownFileType = folder.assetcatalog; path = Images.xcassets; sourceTree = "<group>"; };
		42792C7E1AC8328E00555013 /* Base */ = {isa = PBXFileReference; lastKnownFileType = file.xib; name = Base; path = Base.lproj/MainMenu.xib; sourceTree = "<group>"; };
		42792C841AC8328E00555013 /* shapeviewTests.xctest */ = {isa = PBXFileReference; explicitFileType = wrapper.cfbundle; includeInIndex = 0; path = shapeviewTests.xctest; sourceTree = BUILT_PRODUCTS_DIR; };
		42792C891AC8328E00555013 /* Info.plist */ = {isa = PBXFileReference; lastKnownFileType = text.plist.xml; path = Info.plist; sourceTree = "<group>"; };
		42792C8A1AC8328E00555013 /* shapeviewTests.m */ = {isa = PBXFileReference; lastKnownFileType = sourcecode.c.objc; path = shapeviewTests.m; sourceTree = "<group>"; };
		42792C921AC832E200555013 /* SVShapeTableViewController.h */ = {isa = PBXFileReference; fileEncoding = 4; lastKnownFileType = sourcecode.c.h; name = SVShapeTableViewController.h; path = src/SVShapeTableViewController.h; sourceTree = "<group>"; };
		42792C931AC832E200555013 /* SVShapeTableViewController.m */ = {isa = PBXFileReference; fileEncoding = 4; lastKnownFileType = sourcecode.c.objc; name = SVShapeTableViewController.m; path = src/SVShapeTableViewController.m; sourceTree = "<group>"; };
		42792C9A1AC8359800555013 /* shapeview.entitlements */ = {isa = PBXFileReference; lastKnownFileType = text.xml; path = shapeview.entitlements; sourceTree = "<group>"; };
		427DF7BA1ACE91F7009E8B82 /* SVPreferenceViewController.h */ = {isa = PBXFileReference; fileEncoding = 4; lastKnownFileType = sourcecode.c.h; name = SVPreferenceViewController.h; path = src/SVPreferenceViewController.h; sourceTree = "<group>"; };
		427DF7BB1ACE91F7009E8B82 /* SVPreferenceViewController.m */ = {isa = PBXFileReference; fileEncoding = 4; lastKnownFileType = sourcecode.c.objc; name = SVPreferenceViewController.m; path = src/SVPreferenceViewController.m; sourceTree = "<group>"; };
		427DF7BC1ACE91F7009E8B82 /* SVPreferenceViewController.xib */ = {isa = PBXFileReference; fileEncoding = 4; lastKnownFileType = file.xib; name = SVPreferenceViewController.xib; path = src/SVPreferenceViewController.xib; sourceTree = "<group>"; };
		42866FED1B053A67003C99FB /* VCShape.h */ = {isa = PBXFileReference; fileEncoding = 4; lastKnownFileType = sourcecode.c.h; name = VCShape.h; path = src/VCShape.h; sourceTree = "<group>"; };
		42866FEE1B053A67003C99FB /* VCShape.m */ = {isa = PBXFileReference; fileEncoding = 4; lastKnownFileType = sourcecode.c.objc; name = VCShape.m; path = src/VCShape.m; sourceTree = "<group>"; };
		42866FF01B053B04003C99FB /* VCShapeSetDefinition.h */ = {isa = PBXFileReference; fileEncoding = 4; lastKnownFileType = sourcecode.c.h; name = VCShapeSetDefinition.h; path = src/VCShapeSetDefinition.h; sourceTree = "<group>"; };
		42866FF11B053B04003C99FB /* VCShapeSetDefinition.m */ = {isa = PBXFileReference; fileEncoding = 4; lastKnownFileType = sourcecode.c.objc; name = VCShapeSetDefinition.m; path = src/VCShapeSetDefinition.m; sourceTree = "<group>"; };
		42866FF31B0696EF003C99FB /* VCShapeCountry.h */ = {isa = PBXFileReference; fileEncoding = 4; lastKnownFileType = sourcecode.c.h; name = VCShapeCountry.h; path = src/VCShapeCountry.h; sourceTree = "<group>"; };
		42866FF41B0696EF003C99FB /* VCShapeCountry.m */ = {isa = PBXFileReference; fileEncoding = 4; lastKnownFileType = sourcecode.c.objc; name = VCShapeCountry.m; path = src/VCShapeCountry.m; sourceTree = "<group>"; };
		42866FF61B069DEC003C99FB /* VCShapeSetSelection.h */ = {isa = PBXFileReference; fileEncoding = 4; lastKnownFileType = sourcecode.c.h; name = VCShapeSetSelection.h; path = src/VCShapeSetSelection.h; sourceTree = "<group>"; };
		42866FF71B069DEC003C99FB /* VCShapeSetSelection.m */ = {isa = PBXFileReference; fileEncoding = 4; lastKnownFileType = sourcecode.c.objc; name = VCShapeSetSelection.m; path = src/VCShapeSetSelection.m; sourceTree = "<group>"; };
		42866FF91B07E8AE003C99FB /* VCShapeBundleDefinitions.h */ = {isa = PBXFileReference; fileEncoding = 4; lastKnownFileType = sourcecode.c.h; name = VCShapeBundleDefinitions.h; path = src/VCShapeBundleDefinitions.h; sourceTree = "<group>"; };
		42866FFA1B07E8AE003C99FB /* VCShapeBundleDefinitions.m */ = {isa = PBXFileReference; fileEncoding = 4; lastKnownFileType = sourcecode.c.objc; name = VCShapeBundleDefinitions.m; path = src/VCShapeBundleDefinitions.m; sourceTree = "<group>"; };
		42AB58CA1ABEE2BF00E35672 /* VCFilteredArrayTests.m */ = {isa = PBXFileReference; fileEncoding = 4; lastKnownFileType = sourcecode.c.objc; path = VCFilteredArrayTests.m; sourceTree = "<group>"; };
		42B16F6C211E3B11005AF360 /* VCSelectionTableViewController.h */ = {isa = PBXFileReference; lastKnownFileType = sourcecode.c.h; name = VCSelectionTableViewController.h; path = src/VCSelectionTableViewController.h; sourceTree = "<group>"; };
		42B16F6D211E3B12005AF360 /* VCSelectionTableViewController.m */ = {isa = PBXFileReference; lastKnownFileType = sourcecode.c.objc; name = VCSelectionTableViewController.m; path = src/VCSelectionTableViewController.m; sourceTree = "<group>"; };
		42C8756E1AB785BF00ED1B9B /* VisitedCountries.app */ = {isa = PBXFileReference; explicitFileType = wrapper.application; includeInIndex = 0; path = VisitedCountries.app; sourceTree = BUILT_PRODUCTS_DIR; };
		42C875721AB785BF00ED1B9B /* Info.plist */ = {isa = PBXFileReference; lastKnownFileType = text.plist.xml; path = Info.plist; sourceTree = "<group>"; };
		42C875731AB785BF00ED1B9B /* main.m */ = {isa = PBXFileReference; lastKnownFileType = sourcecode.c.objc; path = main.m; sourceTree = "<group>"; };
		42C875751AB785BF00ED1B9B /* VCAppDelegate.h */ = {isa = PBXFileReference; lastKnownFileType = sourcecode.c.h; path = VCAppDelegate.h; sourceTree = "<group>"; };
		42C875761AB785BF00ED1B9B /* VCAppDelegate.m */ = {isa = PBXFileReference; lastKnownFileType = sourcecode.c.objc; path = VCAppDelegate.m; sourceTree = "<group>"; };
		42C875781AB785BF00ED1B9B /* VCMapViewController.h */ = {isa = PBXFileReference; lastKnownFileType = sourcecode.c.h; path = VCMapViewController.h; sourceTree = "<group>"; };
		42C875791AB785BF00ED1B9B /* VCMapViewController.m */ = {isa = PBXFileReference; lastKnownFileType = sourcecode.c.objc; path = VCMapViewController.m; sourceTree = "<group>"; };
		42C8757E1AB785BF00ED1B9B /* Images.xcassets */ = {isa = PBXFileReference; lastKnownFileType = folder.assetcatalog; path = Images.xcassets; sourceTree = "<group>"; };
		42C875811AB785BF00ED1B9B /* Base */ = {isa = PBXFileReference; lastKnownFileType = file.xib; name = Base; path = Base.lproj/LaunchScreen.xib; sourceTree = "<group>"; };
		42C875871AB785BF00ED1B9B /* VisitedCountriesTests.xctest */ = {isa = PBXFileReference; explicitFileType = wrapper.cfbundle; includeInIndex = 0; path = VisitedCountriesTests.xctest; sourceTree = BUILT_PRODUCTS_DIR; };
		42C8758C1AB785BF00ED1B9B /* Info.plist */ = {isa = PBXFileReference; lastKnownFileType = text.plist.xml; path = Info.plist; sourceTree = "<group>"; };
		42C8758D1AB785BF00ED1B9B /* VisitedCountriesTests.m */ = {isa = PBXFileReference; lastKnownFileType = sourcecode.c.objc; path = VisitedCountriesTests.m; sourceTree = "<group>"; };
		42C876371AB8DB2800ED1B9B /* libsqlite3.dylib */ = {isa = PBXFileReference; lastKnownFileType = "compiled.mach-o.dylib"; name = libsqlite3.dylib; path = usr/lib/libsqlite3.dylib; sourceTree = SDKROOT; };
		42C8763C1ABB829D00ED1B9B /* flags.bundle */ = {isa = PBXFileReference; lastKnownFileType = "wrapper.plug-in"; path = flags.bundle; sourceTree = "<group>"; };
		42C876421ABD703000ED1B9B /* VCAppGlobal.h */ = {isa = PBXFileReference; fileEncoding = 4; lastKnownFileType = sourcecode.c.h; name = VCAppGlobal.h; path = src/VCAppGlobal.h; sourceTree = "<group>"; };
		42C876431ABD703000ED1B9B /* VCAppGlobal.m */ = {isa = PBXFileReference; fileEncoding = 4; lastKnownFileType = sourcecode.c.objc; name = VCAppGlobal.m; path = src/VCAppGlobal.m; sourceTree = "<group>"; };
		42C876451ABD748900ED1B9B /* VCCountriesTableViewController.h */ = {isa = PBXFileReference; fileEncoding = 4; lastKnownFileType = sourcecode.c.h; name = VCCountriesTableViewController.h; path = src/VCCountriesTableViewController.h; sourceTree = "<group>"; };
		42C876461ABD748900ED1B9B /* VCCountriesTableViewController.m */ = {isa = PBXFileReference; fileEncoding = 4; lastKnownFileType = sourcecode.c.objc; name = VCCountriesTableViewController.m; path = src/VCCountriesTableViewController.m; sourceTree = "<group>"; };
		42C876481ABD769700ED1B9B /* VCTabBarViewController.h */ = {isa = PBXFileReference; fileEncoding = 4; lastKnownFileType = sourcecode.c.h; name = VCTabBarViewController.h; path = src/VCTabBarViewController.h; sourceTree = "<group>"; };
		42C876491ABD769700ED1B9B /* VCTabBarViewController.m */ = {isa = PBXFileReference; fileEncoding = 4; lastKnownFileType = sourcecode.c.objc; name = VCTabBarViewController.m; path = src/VCTabBarViewController.m; sourceTree = "<group>"; };
		42F132B11AC3FDC300510A34 /* VCShapeSetOrganizer.h */ = {isa = PBXFileReference; fileEncoding = 4; lastKnownFileType = sourcecode.c.h; name = VCShapeSetOrganizer.h; path = src/VCShapeSetOrganizer.h; sourceTree = "<group>"; };
		42F132B21AC3FDC300510A34 /* VCShapeSetOrganizer.m */ = {isa = PBXFileReference; fileEncoding = 4; lastKnownFileType = sourcecode.c.objc; name = VCShapeSetOrganizer.m; path = src/VCShapeSetOrganizer.m; sourceTree = "<group>"; };
		42F132B41AC3FE1200510A34 /* VCCountry.h */ = {isa = PBXFileReference; fileEncoding = 4; lastKnownFileType = sourcecode.c.h; name = VCCountry.h; path = src/VCCountry.h; sourceTree = "<group>"; };
		42F132B51AC3FE1200510A34 /* VCCountry.m */ = {isa = PBXFileReference; fileEncoding = 4; lastKnownFileType = sourcecode.c.objc; name = VCCountry.m; path = src/VCCountry.m; sourceTree = "<group>"; };
		42F75E542159410400A567FE /* VCShapeSetChoice.h */ = {isa = PBXFileReference; lastKnownFileType = sourcecode.c.h; name = VCShapeSetChoice.h; path = src/VCShapeSetChoice.h; sourceTree = "<group>"; };
		42F75E552159410400A567FE /* VCShapeSetChoice.m */ = {isa = PBXFileReference; lastKnownFileType = sourcecode.c.objc; name = VCShapeSetChoice.m; path = src/VCShapeSetChoice.m; sourceTree = "<group>"; };
		42F957E91AD181B300D6B080 /* VCStatsTableViewController.h */ = {isa = PBXFileReference; fileEncoding = 4; lastKnownFileType = sourcecode.c.h; name = VCStatsTableViewController.h; path = src/VCStatsTableViewController.h; sourceTree = "<group>"; };
		42F957EA1AD181B300D6B080 /* VCStatsTableViewController.m */ = {isa = PBXFileReference; fileEncoding = 4; lastKnownFileType = sourcecode.c.objc; name = VCStatsTableViewController.m; path = src/VCStatsTableViewController.m; sourceTree = "<group>"; };
/* End PBXFileReference section */

/* Begin PBXFrameworksBuildPhase section */
		42792C6F1AC8328E00555013 /* Frameworks */ = {
			isa = PBXFrameworksBuildPhase;
			buildActionMask = 2147483647;
			files = (
				42248BF32014E01C006ADC90 /* RZUtilsUniversal.framework in Frameworks */,
				42248C152014E1D9006ADC90 /* RZExternalUniversal.framework in Frameworks */,
				42248BEA2014DF84006ADC90 /* RZUtils.framework in Frameworks */,
				42248BEF2014E00E006ADC90 /* RZUtilsOSX.framework in Frameworks */,
			);
			runOnlyForDeploymentPostprocessing = 0;
		};
		42792C811AC8328E00555013 /* Frameworks */ = {
			isa = PBXFrameworksBuildPhase;
			buildActionMask = 2147483647;
			files = (
			);
			runOnlyForDeploymentPostprocessing = 0;
		};
		42C8756B1AB785BF00ED1B9B /* Frameworks */ = {
			isa = PBXFrameworksBuildPhase;
			buildActionMask = 2147483647;
			files = (
				42248C212014E3E2006ADC90 /* RZUtilsUniversal.framework in Frameworks */,
				42C876381AB8DB2800ED1B9B /* libsqlite3.dylib in Frameworks */,
				42248C252014E3E2006ADC90 /* RZUtilsTouch.framework in Frameworks */,
				42248C1D2014E3E2006ADC90 /* RZUtils.framework in Frameworks */,
				42248C192014E3E2006ADC90 /* RZExternalUniversal.framework in Frameworks */,
			);
			runOnlyForDeploymentPostprocessing = 0;
		};
		42C875841AB785BF00ED1B9B /* Frameworks */ = {
			isa = PBXFrameworksBuildPhase;
			buildActionMask = 2147483647;
			files = (
			);
			runOnlyForDeploymentPostprocessing = 0;
		};
/* End PBXFrameworksBuildPhase section */

/* Begin PBXGroup section */
		4224898D2014DF52006ADC90 /* Products */ = {
			isa = PBXGroup;
			children = (
				4224899D2014DF52006ADC90 /* RZUtils.framework */,
				4224899F2014DF52006ADC90 /* RZUtilsTests.xctest */,
				422489A12014DF52006ADC90 /* RZUtilsSwift.framework */,
				422489A32014DF52006ADC90 /* RZUtilsSwiftTests.xctest */,
				422489A52014DF52006ADC90 /* RZUtilsUniversal.framework */,
				422489A72014DF52006ADC90 /* RZUtilsUniversalTests.xctest */,
				422489A92014DF52006ADC90 /* RZUtilsHealthkit.framework */,
				422489AB2014DF52006ADC90 /* RZUtilsHealthkitTests.xctest */,
				422489AD2014DF52006ADC90 /* RZUtilsTouch.framework */,
				422489AF2014DF52006ADC90 /* RZUtilsTouchTests.xctest */,
				422489B12014DF52006ADC90 /* RZUtilsOSX.framework */,
				422489B32014DF52006ADC90 /* RZUtilsOSXTests.xctest */,
				422489B52014DF52006ADC90 /* RZUtilsTestInfra.framework */,
			);
			name = Products;
			sourceTree = "<group>";
		};
		42248BDB2014DF6C006ADC90 /* Products */ = {
			isa = PBXGroup;
			children = (
				42248BE12014DF6D006ADC90 /* RZExternal.framework */,
				42248BE32014DF6D006ADC90 /* RZExternalTestUtils.framework */,
				42248BE52014DF6D006ADC90 /* RZExternalCpp.framework */,
				42248C142014E1D4006ADC90 /* RZExternalUniversal.framework */,
			);
			name = Products;
			sourceTree = "<group>";
		};
		42792C731AC8328E00555013 /* shapeview */ = {
			isa = PBXGroup;
			children = (
				42D0A69A1AC88D200073067F /* UI */,
				42792C761AC8328E00555013 /* AppDelegate.h */,
				42792C771AC8328E00555013 /* AppDelegate.m */,
				42792C741AC8328E00555013 /* Supporting Files */,
			);
			path = shapeview;
			sourceTree = "<group>";
		};
		42792C741AC8328E00555013 /* Supporting Files */ = {
			isa = PBXGroup;
			children = (
				42792C9A1AC8359800555013 /* shapeview.entitlements */,
				42792C751AC8328E00555013 /* Info.plist */,
				42792C791AC8328E00555013 /* main.m */,
			);
			name = "Supporting Files";
			sourceTree = "<group>";
		};
		42792C871AC8328E00555013 /* shapeviewTests */ = {
			isa = PBXGroup;
			children = (
				42792C8A1AC8328E00555013 /* shapeviewTests.m */,
				42792C881AC8328E00555013 /* Supporting Files */,
			);
			path = shapeviewTests;
			sourceTree = "<group>";
		};
		42792C881AC8328E00555013 /* Supporting Files */ = {
			isa = PBXGroup;
			children = (
				42792C891AC8328E00555013 /* Info.plist */,
			);
			name = "Supporting Files";
			sourceTree = "<group>";
		};
		42866FEC1B053A4D003C99FB /* Shapes */ = {
			isa = PBXGroup;
			children = (
				42866FED1B053A67003C99FB /* VCShape.h */,
				42866FEE1B053A67003C99FB /* VCShape.m */,
				42866FF31B0696EF003C99FB /* VCShapeCountry.h */,
				42866FF41B0696EF003C99FB /* VCShapeCountry.m */,
				42866FF01B053B04003C99FB /* VCShapeSetDefinition.h */,
				42866FF11B053B04003C99FB /* VCShapeSetDefinition.m */,
				42866FF61B069DEC003C99FB /* VCShapeSetSelection.h */,
				42866FF71B069DEC003C99FB /* VCShapeSetSelection.m */,
				42866FF91B07E8AE003C99FB /* VCShapeBundleDefinitions.h */,
				42866FFA1B07E8AE003C99FB /* VCShapeBundleDefinitions.m */,
			);
			name = Shapes;
			sourceTree = "<group>";
		};
		42C875651AB785BF00ED1B9B = {
			isa = PBXGroup;
			children = (
				42248BDA2014DF6C006ADC90 /* RZExternal.xcodeproj */,
				4224898C2014DF52006ADC90 /* RZUtils.xcodeproj */,
				42C875701AB785BF00ED1B9B /* VisitedCountries */,
				42C8758A1AB785BF00ED1B9B /* VisitedCountriesTests */,
				42792C731AC8328E00555013 /* shapeview */,
				42792C871AC8328E00555013 /* shapeviewTests */,
				42C8756F1AB785BF00ED1B9B /* Products */,
			);
			sourceTree = "<group>";
		};
		42C8756F1AB785BF00ED1B9B /* Products */ = {
			isa = PBXGroup;
			children = (
				42C8756E1AB785BF00ED1B9B /* VisitedCountries.app */,
				42C875871AB785BF00ED1B9B /* VisitedCountriesTests.xctest */,
				42792C721AC8328E00555013 /* Shapefile Explorer.app */,
				42792C841AC8328E00555013 /* shapeviewTests.xctest */,
			);
			name = Products;
			sourceTree = "<group>";
		};
		42C875701AB785BF00ED1B9B /* VisitedCountries */ = {
			isa = PBXGroup;
			children = (
				42866FEC1B053A4D003C99FB /* Shapes */,
				42F132B71AC3FE1B00510A34 /* Organizer */,
				42C876411ABD6FE900ED1B9B /* UI */,
				42C876401ABD6FE200ED1B9B /* AppDelegate */,
				42C8763E1ABD6E8A00ED1B9B /* mapsdata */,
				42C875711AB785BF00ED1B9B /* Supporting Files */,
			);
			path = VisitedCountries;
			sourceTree = "<group>";
		};
		42C875711AB785BF00ED1B9B /* Supporting Files */ = {
			isa = PBXGroup;
			children = (
				42C876371AB8DB2800ED1B9B /* libsqlite3.dylib */,
				42C875721AB785BF00ED1B9B /* Info.plist */,
				42C875731AB785BF00ED1B9B /* main.m */,
			);
			name = "Supporting Files";
			sourceTree = "<group>";
		};
		42C8758A1AB785BF00ED1B9B /* VisitedCountriesTests */ = {
			isa = PBXGroup;
			children = (
				42AB58CA1ABEE2BF00E35672 /* VCFilteredArrayTests.m */,
				42C8758D1AB785BF00ED1B9B /* VisitedCountriesTests.m */,
				42C8758B1AB785BF00ED1B9B /* Supporting Files */,
			);
			path = VisitedCountriesTests;
			sourceTree = "<group>";
		};
		42C8758B1AB785BF00ED1B9B /* Supporting Files */ = {
			isa = PBXGroup;
			children = (
				42C8758C1AB785BF00ED1B9B /* Info.plist */,
			);
			name = "Supporting Files";
			sourceTree = "<group>";
		};
		42C8763E1ABD6E8A00ED1B9B /* mapsdata */ = {
			isa = PBXGroup;
			children = (
				424F92C21B0930D60075C5F1 /* regions-20140306-100m.shx */,
				424F92C31B0930D60075C5F1 /* regions-20140306-100m.shp */,
				424F92C41B0930D60075C5F1 /* regions-20140306-100m.dbf */,
				424F92C51B0930D60075C5F1 /* states.dbf */,
				424F92C61B0930D60075C5F1 /* states.shx */,
				424F92C71B0930D60075C5F1 /* states.shp */,
				4205E9C41B07EF9500BA3EED /* GBR_adm1.shx */,
				4205E9C51B07EF9500BA3EED /* GBR_adm1.shp */,
				4205E9C61B07EF9500BA3EED /* GBR_adm1.dbf */,
				422637A61B07820E005461E3 /* TM_WORLD_BORDERS-0.2.dbf */,
				422637A71B07820E005461E3 /* TM_WORLD_BORDERS-0.2.prj */,
				422637A81B07820E005461E3 /* TM_WORLD_BORDERS-0.2.shp */,
				422637A91B07820E005461E3 /* TM_WORLD_BORDERS-0.2.shx */,
				422637AE1B07820E005461E3 /* JPN_adm1.dbf */,
				422637AF1B07820E005461E3 /* JPN_adm1.prj */,
				422637B01B07820E005461E3 /* JPN_adm1.shp */,
				422637B11B07820E005461E3 /* JPN_adm1.shx */,
				42C8763C1ABB829D00ED1B9B /* flags.bundle */,
			);
			name = mapsdata;
			sourceTree = "<group>";
		};
		42C876401ABD6FE200ED1B9B /* AppDelegate */ = {
			isa = PBXGroup;
			children = (
				42C875751AB785BF00ED1B9B /* VCAppDelegate.h */,
				42C875761AB785BF00ED1B9B /* VCAppDelegate.m */,
				42C876421ABD703000ED1B9B /* VCAppGlobal.h */,
				42C876431ABD703000ED1B9B /* VCAppGlobal.m */,
			);
			name = AppDelegate;
			sourceTree = "<group>";
		};
		42C876411ABD6FE900ED1B9B /* UI */ = {
			isa = PBXGroup;
			children = (
				42C8757E1AB785BF00ED1B9B /* Images.xcassets */,
				42C875801AB785BF00ED1B9B /* LaunchScreen.xib */,
				42C875781AB785BF00ED1B9B /* VCMapViewController.h */,
				42C875791AB785BF00ED1B9B /* VCMapViewController.m */,
				42C876451ABD748900ED1B9B /* VCCountriesTableViewController.h */,
				42C876461ABD748900ED1B9B /* VCCountriesTableViewController.m */,
				42C876481ABD769700ED1B9B /* VCTabBarViewController.h */,
				42C876491ABD769700ED1B9B /* VCTabBarViewController.m */,
				42792C191AC80FCB00555013 /* VCViewConfig.h */,
				42792C1A1AC80FCB00555013 /* VCViewConfig.m */,
				42F957E91AD181B300D6B080 /* VCStatsTableViewController.h */,
				42F957EA1AD181B300D6B080 /* VCStatsTableViewController.m */,
				42B16F6C211E3B11005AF360 /* VCSelectionTableViewController.h */,
				42B16F6D211E3B12005AF360 /* VCSelectionTableViewController.m */,
			);
			name = UI;
			sourceTree = "<group>";
		};
		42D0A69A1AC88D200073067F /* UI */ = {
			isa = PBXGroup;
			children = (
				42792C7B1AC8328E00555013 /* Images.xcassets */,
				42792C7D1AC8328E00555013 /* MainMenu.xib */,
				42792C921AC832E200555013 /* SVShapeTableViewController.h */,
				42792C931AC832E200555013 /* SVShapeTableViewController.m */,
				427DF7BA1ACE91F7009E8B82 /* SVPreferenceViewController.h */,
				427DF7BB1ACE91F7009E8B82 /* SVPreferenceViewController.m */,
				427DF7BC1ACE91F7009E8B82 /* SVPreferenceViewController.xib */,
			);
			name = UI;
			sourceTree = "<group>";
		};
		42F132B71AC3FE1B00510A34 /* Organizer */ = {
			isa = PBXGroup;
			children = (
				42F75E542159410400A567FE /* VCShapeSetChoice.h */,
				42F75E552159410400A567FE /* VCShapeSetChoice.m */,
				42F132B11AC3FDC300510A34 /* VCShapeSetOrganizer.h */,
				42F132B21AC3FDC300510A34 /* VCShapeSetOrganizer.m */,
				42F132B41AC3FE1200510A34 /* VCCountry.h */,
				42F132B51AC3FE1200510A34 /* VCCountry.m */,
			);
			name = Organizer;
			sourceTree = "<group>";
		};
/* End PBXGroup section */

/* Begin PBXNativeTarget section */
		42792C711AC8328E00555013 /* shapeview */ = {
			isa = PBXNativeTarget;
			buildConfigurationList = 42792C8C1AC8328E00555013 /* Build configuration list for PBXNativeTarget "shapeview" */;
			buildPhases = (
				42792C6E1AC8328E00555013 /* Sources */,
				42792C6F1AC8328E00555013 /* Frameworks */,
				42792C701AC8328E00555013 /* Resources */,
				42248BEE2014DF84006ADC90 /* Embed Frameworks */,
			);
			buildRules = (
			);
			dependencies = (
				42248BED2014DF84006ADC90 /* PBXTargetDependency */,
				42248BF22014E00E006ADC90 /* PBXTargetDependency */,
				42248BF62014E01C006ADC90 /* PBXTargetDependency */,
				42248C182014E1D9006ADC90 /* PBXTargetDependency */,
			);
			name = shapeview;
			productName = shapeview;
			productReference = 42792C721AC8328E00555013 /* Shapefile Explorer.app */;
			productType = "com.apple.product-type.application";
		};
		42792C831AC8328E00555013 /* shapeviewTests */ = {
			isa = PBXNativeTarget;
			buildConfigurationList = 42792C8F1AC8328E00555013 /* Build configuration list for PBXNativeTarget "shapeviewTests" */;
			buildPhases = (
				42792C801AC8328E00555013 /* Sources */,
				42792C811AC8328E00555013 /* Frameworks */,
				42792C821AC8328E00555013 /* Resources */,
			);
			buildRules = (
			);
			dependencies = (
				42792C861AC8328E00555013 /* PBXTargetDependency */,
			);
			name = shapeviewTests;
			productName = shapeviewTests;
			productReference = 42792C841AC8328E00555013 /* shapeviewTests.xctest */;
			productType = "com.apple.product-type.bundle.unit-test";
		};
		42C8756D1AB785BF00ED1B9B /* VisitedCountries */ = {
			isa = PBXNativeTarget;
			buildConfigurationList = 42C875911AB785BF00ED1B9B /* Build configuration list for PBXNativeTarget "VisitedCountries" */;
			buildPhases = (
				42C8756A1AB785BF00ED1B9B /* Sources */,
				42C8756B1AB785BF00ED1B9B /* Frameworks */,
				42C8756C1AB785BF00ED1B9B /* Resources */,
				4255554D1EFFB95000841AF2 /* Embed Frameworks */,
			);
			buildRules = (
			);
			dependencies = (
				42248C1C2014E3E2006ADC90 /* PBXTargetDependency */,
				42248C202014E3E2006ADC90 /* PBXTargetDependency */,
				42248C242014E3E2006ADC90 /* PBXTargetDependency */,
				42248C282014E3E2006ADC90 /* PBXTargetDependency */,
			);
			name = VisitedCountries;
			productName = VisitedCountries;
			productReference = 42C8756E1AB785BF00ED1B9B /* VisitedCountries.app */;
			productType = "com.apple.product-type.application";
		};
		42C875861AB785BF00ED1B9B /* VisitedCountriesTests */ = {
			isa = PBXNativeTarget;
			buildConfigurationList = 42C875941AB785BF00ED1B9B /* Build configuration list for PBXNativeTarget "VisitedCountriesTests" */;
			buildPhases = (
				42C875831AB785BF00ED1B9B /* Sources */,
				42C875841AB785BF00ED1B9B /* Frameworks */,
				42C875851AB785BF00ED1B9B /* Resources */,
			);
			buildRules = (
			);
			dependencies = (
				42C875891AB785BF00ED1B9B /* PBXTargetDependency */,
			);
			name = VisitedCountriesTests;
			productName = VisitedCountriesTests;
			productReference = 42C875871AB785BF00ED1B9B /* VisitedCountriesTests.xctest */;
			productType = "com.apple.product-type.bundle.unit-test";
		};
/* End PBXNativeTarget section */

/* Begin PBXProject section */
		42C875661AB785BF00ED1B9B /* Project object */ = {
			isa = PBXProject;
			attributes = {
				LastUpgradeCheck = 1000;
				ORGANIZATIONNAME = "Brice Rosenzweig";
				TargetAttributes = {
					42792C711AC8328E00555013 = {
						CreatedOnToolsVersion = 6.2;
						DevelopmentTeam = M7QSSF3624;
						SystemCapabilities = {
							com.apple.Maps.Mac = {
								enabled = 1;
							};
							com.apple.Sandbox = {
								enabled = 1;
							};
						};
					};
					42792C831AC8328E00555013 = {
						CreatedOnToolsVersion = 6.2;
						TestTargetID = 42792C711AC8328E00555013;
					};
					42C8756D1AB785BF00ED1B9B = {
						CreatedOnToolsVersion = 6.2;
						DevelopmentTeam = M7QSSF3624;
					};
					42C875861AB785BF00ED1B9B = {
						CreatedOnToolsVersion = 6.2;
						TestTargetID = 42C8756D1AB785BF00ED1B9B;
					};
				};
			};
			buildConfigurationList = 42C875691AB785BF00ED1B9B /* Build configuration list for PBXProject "ShapeFileViewer" */;
			compatibilityVersion = "Xcode 3.2";
			developmentRegion = English;
			hasScannedForEncodings = 0;
			knownRegions = (
				en,
				Base,
				de,
				he,
				"zh-Hans",
				ja,
				nb,
				es,
				da,
				it,
				sk,
				sv,
				cs,
				ko,
				"zh-Hant",
				hu,
				pl,
				ru,
				fr,
				fi,
				nl,
				pt,
				ca,
			);
			mainGroup = 42C875651AB785BF00ED1B9B;
			productRefGroup = 42C8756F1AB785BF00ED1B9B /* Products */;
			projectDirPath = "";
			projectReferences = (
				{
					ProductGroup = 42248BDB2014DF6C006ADC90 /* Products */;
					ProjectRef = 42248BDA2014DF6C006ADC90 /* RZExternal.xcodeproj */;
				},
				{
					ProductGroup = 4224898D2014DF52006ADC90 /* Products */;
					ProjectRef = 4224898C2014DF52006ADC90 /* RZUtils.xcodeproj */;
				},
			);
			projectRoot = "";
			targets = (
				42C8756D1AB785BF00ED1B9B /* VisitedCountries */,
				42C875861AB785BF00ED1B9B /* VisitedCountriesTests */,
				42792C711AC8328E00555013 /* shapeview */,
				42792C831AC8328E00555013 /* shapeviewTests */,
			);
		};
/* End PBXProject section */

/* Begin PBXReferenceProxy section */
		4224899D2014DF52006ADC90 /* RZUtils.framework */ = {
			isa = PBXReferenceProxy;
			fileType = wrapper.framework;
			path = RZUtils.framework;
			remoteRef = 4224899C2014DF52006ADC90 /* PBXContainerItemProxy */;
			sourceTree = BUILT_PRODUCTS_DIR;
		};
		4224899F2014DF52006ADC90 /* RZUtilsTests.xctest */ = {
			isa = PBXReferenceProxy;
			fileType = wrapper.cfbundle;
			path = RZUtilsTests.xctest;
			remoteRef = 4224899E2014DF52006ADC90 /* PBXContainerItemProxy */;
			sourceTree = BUILT_PRODUCTS_DIR;
		};
		422489A12014DF52006ADC90 /* RZUtilsSwift.framework */ = {
			isa = PBXReferenceProxy;
			fileType = wrapper.framework;
			path = RZUtilsSwift.framework;
			remoteRef = 422489A02014DF52006ADC90 /* PBXContainerItemProxy */;
			sourceTree = BUILT_PRODUCTS_DIR;
		};
		422489A32014DF52006ADC90 /* RZUtilsSwiftTests.xctest */ = {
			isa = PBXReferenceProxy;
			fileType = wrapper.cfbundle;
			path = RZUtilsSwiftTests.xctest;
			remoteRef = 422489A22014DF52006ADC90 /* PBXContainerItemProxy */;
			sourceTree = BUILT_PRODUCTS_DIR;
		};
		422489A52014DF52006ADC90 /* RZUtilsUniversal.framework */ = {
			isa = PBXReferenceProxy;
			fileType = wrapper.framework;
			path = RZUtilsUniversal.framework;
			remoteRef = 422489A42014DF52006ADC90 /* PBXContainerItemProxy */;
			sourceTree = BUILT_PRODUCTS_DIR;
		};
		422489A72014DF52006ADC90 /* RZUtilsUniversalTests.xctest */ = {
			isa = PBXReferenceProxy;
			fileType = wrapper.cfbundle;
			path = RZUtilsUniversalTests.xctest;
			remoteRef = 422489A62014DF52006ADC90 /* PBXContainerItemProxy */;
			sourceTree = BUILT_PRODUCTS_DIR;
		};
		422489A92014DF52006ADC90 /* RZUtilsHealthkit.framework */ = {
			isa = PBXReferenceProxy;
			fileType = wrapper.framework;
			path = RZUtilsHealthkit.framework;
			remoteRef = 422489A82014DF52006ADC90 /* PBXContainerItemProxy */;
			sourceTree = BUILT_PRODUCTS_DIR;
		};
		422489AB2014DF52006ADC90 /* RZUtilsHealthkitTests.xctest */ = {
			isa = PBXReferenceProxy;
			fileType = wrapper.cfbundle;
			path = RZUtilsHealthkitTests.xctest;
			remoteRef = 422489AA2014DF52006ADC90 /* PBXContainerItemProxy */;
			sourceTree = BUILT_PRODUCTS_DIR;
		};
		422489AD2014DF52006ADC90 /* RZUtilsTouch.framework */ = {
			isa = PBXReferenceProxy;
			fileType = wrapper.framework;
			path = RZUtilsTouch.framework;
			remoteRef = 422489AC2014DF52006ADC90 /* PBXContainerItemProxy */;
			sourceTree = BUILT_PRODUCTS_DIR;
		};
		422489AF2014DF52006ADC90 /* RZUtilsTouchTests.xctest */ = {
			isa = PBXReferenceProxy;
			fileType = wrapper.cfbundle;
			path = RZUtilsTouchTests.xctest;
			remoteRef = 422489AE2014DF52006ADC90 /* PBXContainerItemProxy */;
			sourceTree = BUILT_PRODUCTS_DIR;
		};
		422489B12014DF52006ADC90 /* RZUtilsOSX.framework */ = {
			isa = PBXReferenceProxy;
			fileType = wrapper.framework;
			path = RZUtilsOSX.framework;
			remoteRef = 422489B02014DF52006ADC90 /* PBXContainerItemProxy */;
			sourceTree = BUILT_PRODUCTS_DIR;
		};
		422489B32014DF52006ADC90 /* RZUtilsOSXTests.xctest */ = {
			isa = PBXReferenceProxy;
			fileType = wrapper.cfbundle;
			path = RZUtilsOSXTests.xctest;
			remoteRef = 422489B22014DF52006ADC90 /* PBXContainerItemProxy */;
			sourceTree = BUILT_PRODUCTS_DIR;
		};
		422489B52014DF52006ADC90 /* RZUtilsTestInfra.framework */ = {
			isa = PBXReferenceProxy;
			fileType = wrapper.framework;
			path = RZUtilsTestInfra.framework;
			remoteRef = 422489B42014DF52006ADC90 /* PBXContainerItemProxy */;
			sourceTree = BUILT_PRODUCTS_DIR;
		};
		42248BE12014DF6D006ADC90 /* RZExternal.framework */ = {
			isa = PBXReferenceProxy;
			fileType = wrapper.framework;
			path = RZExternal.framework;
			remoteRef = 42248BE02014DF6D006ADC90 /* PBXContainerItemProxy */;
			sourceTree = BUILT_PRODUCTS_DIR;
		};
		42248BE32014DF6D006ADC90 /* RZExternalTestUtils.framework */ = {
			isa = PBXReferenceProxy;
			fileType = wrapper.framework;
			path = RZExternalTestUtils.framework;
			remoteRef = 42248BE22014DF6D006ADC90 /* PBXContainerItemProxy */;
			sourceTree = BUILT_PRODUCTS_DIR;
		};
		42248BE52014DF6D006ADC90 /* RZExternalCpp.framework */ = {
			isa = PBXReferenceProxy;
			fileType = wrapper.framework;
			path = RZExternalCpp.framework;
			remoteRef = 42248BE42014DF6D006ADC90 /* PBXContainerItemProxy */;
			sourceTree = BUILT_PRODUCTS_DIR;
		};
		42248C142014E1D4006ADC90 /* RZExternalUniversal.framework */ = {
			isa = PBXReferenceProxy;
			fileType = wrapper.framework;
			path = RZExternalUniversal.framework;
			remoteRef = 42248C132014E1D4006ADC90 /* PBXContainerItemProxy */;
			sourceTree = BUILT_PRODUCTS_DIR;
		};
/* End PBXReferenceProxy section */

/* Begin PBXResourcesBuildPhase section */
		42792C701AC8328E00555013 /* Resources */ = {
			isa = PBXResourcesBuildPhase;
			buildActionMask = 2147483647;
			files = (
				427DF7BE1ACE91F7009E8B82 /* SVPreferenceViewController.xib in Resources */,
				42792C7C1AC8328E00555013 /* Images.xcassets in Resources */,
				42792C7F1AC8328E00555013 /* MainMenu.xib in Resources */,
			);
			runOnlyForDeploymentPostprocessing = 0;
		};
		42792C821AC8328E00555013 /* Resources */ = {
			isa = PBXResourcesBuildPhase;
			buildActionMask = 2147483647;
			files = (
			);
			runOnlyForDeploymentPostprocessing = 0;
		};
		42C8756C1AB785BF00ED1B9B /* Resources */ = {
			isa = PBXResourcesBuildPhase;
			buildActionMask = 2147483647;
			files = (
				424F92CB1B0930D60075C5F1 /* states.dbf in Resources */,
				422637B41B07820E005461E3 /* TM_WORLD_BORDERS-0.2.shp in Resources */,
				4205E9CC1B07EF9500BA3EED /* GBR_adm1.dbf in Resources */,
				42C8763D1ABB829D00ED1B9B /* flags.bundle in Resources */,
				42C875821AB785BF00ED1B9B /* LaunchScreen.xib in Resources */,
				422637BD1B07820E005461E3 /* JPN_adm1.shx in Resources */,
				424F92CA1B0930D60075C5F1 /* regions-20140306-100m.dbf in Resources */,
				422637BA1B07820E005461E3 /* JPN_adm1.dbf in Resources */,
				422637B21B07820E005461E3 /* TM_WORLD_BORDERS-0.2.dbf in Resources */,
				42C8757F1AB785BF00ED1B9B /* Images.xcassets in Resources */,
				424F92C81B0930D60075C5F1 /* regions-20140306-100m.shx in Resources */,
				422637BB1B07820E005461E3 /* JPN_adm1.prj in Resources */,
				4205E9CA1B07EF9500BA3EED /* GBR_adm1.shx in Resources */,
				424F92C91B0930D60075C5F1 /* regions-20140306-100m.shp in Resources */,
				4205E9CB1B07EF9500BA3EED /* GBR_adm1.shp in Resources */,
				422637B51B07820E005461E3 /* TM_WORLD_BORDERS-0.2.shx in Resources */,
				422637B31B07820E005461E3 /* TM_WORLD_BORDERS-0.2.prj in Resources */,
				422637BC1B07820E005461E3 /* JPN_adm1.shp in Resources */,
				424F92CD1B0930D60075C5F1 /* states.shp in Resources */,
				424F92CC1B0930D60075C5F1 /* states.shx in Resources */,
			);
			runOnlyForDeploymentPostprocessing = 0;
		};
		42C875851AB785BF00ED1B9B /* Resources */ = {
			isa = PBXResourcesBuildPhase;
			buildActionMask = 2147483647;
			files = (
			);
			runOnlyForDeploymentPostprocessing = 0;
		};
/* End PBXResourcesBuildPhase section */

/* Begin PBXSourcesBuildPhase section */
		42792C6E1AC8328E00555013 /* Sources */ = {
			isa = PBXSourcesBuildPhase;
			buildActionMask = 2147483647;
			files = (
				42792C7A1AC8328E00555013 /* main.m in Sources */,
				42792C781AC8328E00555013 /* AppDelegate.m in Sources */,
				42792C941AC832E200555013 /* SVShapeTableViewController.m in Sources */,
				427DF7BD1ACE91F7009E8B82 /* SVPreferenceViewController.m in Sources */,
			);
			runOnlyForDeploymentPostprocessing = 0;
		};
		42792C801AC8328E00555013 /* Sources */ = {
			isa = PBXSourcesBuildPhase;
			buildActionMask = 2147483647;
			files = (
				42792C8B1AC8328E00555013 /* shapeviewTests.m in Sources */,
			);
			runOnlyForDeploymentPostprocessing = 0;
		};
		42C8756A1AB785BF00ED1B9B /* Sources */ = {
			isa = PBXSourcesBuildPhase;
			buildActionMask = 2147483647;
			files = (
				42866FF21B053B04003C99FB /* VCShapeSetDefinition.m in Sources */,
				42F957EB1AD181B300D6B080 /* VCStatsTableViewController.m in Sources */,
				42B16F6E211E3B12005AF360 /* VCSelectionTableViewController.m in Sources */,
				42F132B31AC3FDC300510A34 /* VCShapeSetOrganizer.m in Sources */,
				42C8757A1AB785BF00ED1B9B /* VCMapViewController.m in Sources */,
				42C8764A1ABD769700ED1B9B /* VCTabBarViewController.m in Sources */,
				42866FF81B069DEC003C99FB /* VCShapeSetSelection.m in Sources */,
				42C876441ABD703000ED1B9B /* VCAppGlobal.m in Sources */,
				42F132B61AC3FE1200510A34 /* VCCountry.m in Sources */,
				42866FEF1B053A67003C99FB /* VCShape.m in Sources */,
				42C875771AB785BF00ED1B9B /* VCAppDelegate.m in Sources */,
				42C875741AB785BF00ED1B9B /* main.m in Sources */,
				42866FF51B0696EF003C99FB /* VCShapeCountry.m in Sources */,
				42792C1B1AC80FCB00555013 /* VCViewConfig.m in Sources */,
				42F75E562159410400A567FE /* VCShapeSetChoice.m in Sources */,
				42C876471ABD748900ED1B9B /* VCCountriesTableViewController.m in Sources */,
				42866FFB1B07E8AE003C99FB /* VCShapeBundleDefinitions.m in Sources */,
			);
			runOnlyForDeploymentPostprocessing = 0;
		};
		42C875831AB785BF00ED1B9B /* Sources */ = {
			isa = PBXSourcesBuildPhase;
			buildActionMask = 2147483647;
			files = (
				42C8758E1AB785BF00ED1B9B /* VisitedCountriesTests.m in Sources */,
				42AB58CB1ABEE2BF00E35672 /* VCFilteredArrayTests.m in Sources */,
			);
			runOnlyForDeploymentPostprocessing = 0;
		};
/* End PBXSourcesBuildPhase section */

/* Begin PBXTargetDependency section */
		42248BED2014DF84006ADC90 /* PBXTargetDependency */ = {
			isa = PBXTargetDependency;
			name = RZUtils;
			targetProxy = 42248BEC2014DF84006ADC90 /* PBXContainerItemProxy */;
		};
		42248BF22014E00E006ADC90 /* PBXTargetDependency */ = {
			isa = PBXTargetDependency;
			name = RZUtilsOSX;
			targetProxy = 42248BF12014E00E006ADC90 /* PBXContainerItemProxy */;
		};
		42248BF62014E01C006ADC90 /* PBXTargetDependency */ = {
			isa = PBXTargetDependency;
			name = RZUtilsUniversal;
			targetProxy = 42248BF52014E01C006ADC90 /* PBXContainerItemProxy */;
		};
		42248C182014E1D9006ADC90 /* PBXTargetDependency */ = {
			isa = PBXTargetDependency;
			name = RZExternalUniversal;
			targetProxy = 42248C172014E1D9006ADC90 /* PBXContainerItemProxy */;
		};
		42248C1C2014E3E2006ADC90 /* PBXTargetDependency */ = {
			isa = PBXTargetDependency;
			name = RZExternalUniversal;
			targetProxy = 42248C1B2014E3E2006ADC90 /* PBXContainerItemProxy */;
		};
		42248C202014E3E2006ADC90 /* PBXTargetDependency */ = {
			isa = PBXTargetDependency;
			name = RZUtils;
			targetProxy = 42248C1F2014E3E2006ADC90 /* PBXContainerItemProxy */;
		};
		42248C242014E3E2006ADC90 /* PBXTargetDependency */ = {
			isa = PBXTargetDependency;
			name = RZUtilsUniversal;
			targetProxy = 42248C232014E3E2006ADC90 /* PBXContainerItemProxy */;
		};
		42248C282014E3E2006ADC90 /* PBXTargetDependency */ = {
			isa = PBXTargetDependency;
			name = RZUtilsTouch;
			targetProxy = 42248C272014E3E2006ADC90 /* PBXContainerItemProxy */;
		};
		42792C861AC8328E00555013 /* PBXTargetDependency */ = {
			isa = PBXTargetDependency;
			target = 42792C711AC8328E00555013 /* shapeview */;
			targetProxy = 42792C851AC8328E00555013 /* PBXContainerItemProxy */;
		};
		42C875891AB785BF00ED1B9B /* PBXTargetDependency */ = {
			isa = PBXTargetDependency;
			target = 42C8756D1AB785BF00ED1B9B /* VisitedCountries */;
			targetProxy = 42C875881AB785BF00ED1B9B /* PBXContainerItemProxy */;
		};
/* End PBXTargetDependency section */

/* Begin PBXVariantGroup section */
		42792C7D1AC8328E00555013 /* MainMenu.xib */ = {
			isa = PBXVariantGroup;
			children = (
				42792C7E1AC8328E00555013 /* Base */,
			);
			name = MainMenu.xib;
			sourceTree = "<group>";
		};
		42C875801AB785BF00ED1B9B /* LaunchScreen.xib */ = {
			isa = PBXVariantGroup;
			children = (
				42C875811AB785BF00ED1B9B /* Base */,
			);
			name = LaunchScreen.xib;
			sourceTree = "<group>";
		};
/* End PBXVariantGroup section */

/* Begin XCBuildConfiguration section */
		42792C8D1AC8328E00555013 /* Debug */ = {
			isa = XCBuildConfiguration;
			buildSettings = {
				ALWAYS_EMBED_SWIFT_STANDARD_LIBRARIES = YES;
				ASSETCATALOG_COMPILER_APPICON_NAME = AppIcon;
				CODE_SIGN_ENTITLEMENTS = shapeview/shapeview.entitlements;
				CODE_SIGN_IDENTITY = "Mac Developer";
				"CODE_SIGN_IDENTITY[sdk=macosx*]" = "Mac Developer";
				COMBINE_HIDPI_IMAGES = YES;
				GCC_PREPROCESSOR_DEFINITIONS = (
					"DEBUG=1",
					"$(inherited)",
				);
				INFOPLIST_FILE = shapeview/Info.plist;
				LD_RUNPATH_SEARCH_PATHS = "$(inherited) @executable_path/../Frameworks";
				MACOSX_DEPLOYMENT_TARGET = 10.10;
				PRODUCT_BUNDLE_IDENTIFIER = "net.ro-z.$(PRODUCT_NAME:rfc1034identifier)";
				PRODUCT_NAME = "Shapefile Explorer";
				PROVISIONING_PROFILE = "";
				SDKROOT = macosx;
			};
			name = Debug;
		};
		42792C8E1AC8328E00555013 /* Release */ = {
			isa = XCBuildConfiguration;
			buildSettings = {
				ALWAYS_EMBED_SWIFT_STANDARD_LIBRARIES = YES;
				ASSETCATALOG_COMPILER_APPICON_NAME = AppIcon;
				CODE_SIGN_ENTITLEMENTS = shapeview/shapeview.entitlements;
				CODE_SIGN_IDENTITY = "Mac Developer";
				"CODE_SIGN_IDENTITY[sdk=macosx*]" = "Mac Developer";
				COMBINE_HIDPI_IMAGES = YES;
				DEBUG_INFORMATION_FORMAT = "dwarf-with-dsym";
				INFOPLIST_FILE = shapeview/Info.plist;
				LD_RUNPATH_SEARCH_PATHS = "$(inherited) @executable_path/../Frameworks";
				MACOSX_DEPLOYMENT_TARGET = 10.10;
				PRODUCT_BUNDLE_IDENTIFIER = "net.ro-z.$(PRODUCT_NAME:rfc1034identifier)";
				PRODUCT_NAME = "Shapefile Explorer";
				PROVISIONING_PROFILE = "";
				SDKROOT = macosx;
			};
			name = Release;
		};
		42792C901AC8328E00555013 /* Debug */ = {
			isa = XCBuildConfiguration;
			buildSettings = {
				BUNDLE_LOADER = "$(TEST_HOST)";
				COMBINE_HIDPI_IMAGES = YES;
				FRAMEWORK_SEARCH_PATHS = (
					"$(DEVELOPER_FRAMEWORKS_DIR)",
					"$(inherited)",
				);
				GCC_PREPROCESSOR_DEFINITIONS = (
					"DEBUG=1",
					"$(inherited)",
				);
				INFOPLIST_FILE = shapeviewTests/Info.plist;
				LD_RUNPATH_SEARCH_PATHS = "$(inherited) @executable_path/../Frameworks @loader_path/../Frameworks";
				MACOSX_DEPLOYMENT_TARGET = 10.10;
				PRODUCT_BUNDLE_IDENTIFIER = "net.ro-z.$(PRODUCT_NAME:rfc1034identifier)";
				PRODUCT_NAME = "$(TARGET_NAME)";
				SDKROOT = macosx;
				TEST_HOST = "$(BUILT_PRODUCTS_DIR)/shapeview.app/Contents/MacOS/shapeview";
			};
			name = Debug;
		};
		42792C911AC8328E00555013 /* Release */ = {
			isa = XCBuildConfiguration;
			buildSettings = {
				BUNDLE_LOADER = "$(TEST_HOST)";
				COMBINE_HIDPI_IMAGES = YES;
				DEBUG_INFORMATION_FORMAT = "dwarf-with-dsym";
				FRAMEWORK_SEARCH_PATHS = (
					"$(DEVELOPER_FRAMEWORKS_DIR)",
					"$(inherited)",
				);
				INFOPLIST_FILE = shapeviewTests/Info.plist;
				LD_RUNPATH_SEARCH_PATHS = "$(inherited) @executable_path/../Frameworks @loader_path/../Frameworks";
				MACOSX_DEPLOYMENT_TARGET = 10.10;
				PRODUCT_BUNDLE_IDENTIFIER = "net.ro-z.$(PRODUCT_NAME:rfc1034identifier)";
				PRODUCT_NAME = "$(TARGET_NAME)";
				SDKROOT = macosx;
				TEST_HOST = "$(BUILT_PRODUCTS_DIR)/shapeview.app/Contents/MacOS/shapeview";
			};
			name = Release;
		};
		42C8758F1AB785BF00ED1B9B /* Debug */ = {
			isa = XCBuildConfiguration;
			buildSettings = {
				ALWAYS_SEARCH_USER_PATHS = NO;
				CLANG_ANALYZER_LOCALIZABILITY_NONLOCALIZED = YES;
				CLANG_CXX_LANGUAGE_STANDARD = "gnu++0x";
				CLANG_CXX_LIBRARY = "libc++";
				CLANG_ENABLE_MODULES = YES;
				CLANG_ENABLE_OBJC_ARC = YES;
				CLANG_WARN_BLOCK_CAPTURE_AUTORELEASING = YES;
				CLANG_WARN_BOOL_CONVERSION = YES;
				CLANG_WARN_COMMA = YES;
				CLANG_WARN_CONSTANT_CONVERSION = YES;
				CLANG_WARN_DEPRECATED_OBJC_IMPLEMENTATIONS = YES;
				CLANG_WARN_DIRECT_OBJC_ISA_USAGE = YES_ERROR;
				CLANG_WARN_EMPTY_BODY = YES;
				CLANG_WARN_ENUM_CONVERSION = YES;
				CLANG_WARN_INFINITE_RECURSION = YES;
				CLANG_WARN_INT_CONVERSION = YES;
				CLANG_WARN_NON_LITERAL_NULL_CONVERSION = YES;
				CLANG_WARN_OBJC_IMPLICIT_RETAIN_SELF = YES;
				CLANG_WARN_OBJC_LITERAL_CONVERSION = YES;
				CLANG_WARN_OBJC_ROOT_CLASS = YES_ERROR;
				CLANG_WARN_RANGE_LOOP_ANALYSIS = YES;
				CLANG_WARN_STRICT_PROTOTYPES = YES;
				CLANG_WARN_SUSPICIOUS_MOVE = YES;
				CLANG_WARN_UNREACHABLE_CODE = YES;
				CLANG_WARN__DUPLICATE_METHOD_MATCH = YES;
				"CODE_SIGN_IDENTITY[sdk=iphoneos*]" = "iPhone Developer";
				COPY_PHASE_STRIP = NO;
				ENABLE_STRICT_OBJC_MSGSEND = YES;
				ENABLE_TESTABILITY = YES;
				GCC_C_LANGUAGE_STANDARD = gnu99;
				GCC_DYNAMIC_NO_PIC = NO;
				GCC_NO_COMMON_BLOCKS = YES;
				GCC_OPTIMIZATION_LEVEL = 0;
				GCC_PREPROCESSOR_DEFINITIONS = (
					"DEBUG=1",
					"$(inherited)",
				);
				GCC_SYMBOLS_PRIVATE_EXTERN = NO;
				GCC_WARN_64_TO_32_BIT_CONVERSION = YES;
				GCC_WARN_ABOUT_RETURN_TYPE = YES_ERROR;
				GCC_WARN_UNDECLARED_SELECTOR = YES;
				GCC_WARN_UNINITIALIZED_AUTOS = YES_AGGRESSIVE;
				GCC_WARN_UNUSED_FUNCTION = YES;
				GCC_WARN_UNUSED_VARIABLE = YES;
				IPHONEOS_DEPLOYMENT_TARGET = 8.2;
				MTL_ENABLE_DEBUG_INFO = YES;
				ONLY_ACTIVE_ARCH = YES;
				SDKROOT = iphoneos;
				TARGETED_DEVICE_FAMILY = "1,2";
			};
			name = Debug;
		};
		42C875901AB785BF00ED1B9B /* Release */ = {
			isa = XCBuildConfiguration;
			buildSettings = {
				ALWAYS_SEARCH_USER_PATHS = NO;
				CLANG_ANALYZER_LOCALIZABILITY_NONLOCALIZED = YES;
				CLANG_CXX_LANGUAGE_STANDARD = "gnu++0x";
				CLANG_CXX_LIBRARY = "libc++";
				CLANG_ENABLE_MODULES = YES;
				CLANG_ENABLE_OBJC_ARC = YES;
				CLANG_WARN_BLOCK_CAPTURE_AUTORELEASING = YES;
				CLANG_WARN_BOOL_CONVERSION = YES;
				CLANG_WARN_COMMA = YES;
				CLANG_WARN_CONSTANT_CONVERSION = YES;
				CLANG_WARN_DEPRECATED_OBJC_IMPLEMENTATIONS = YES;
				CLANG_WARN_DIRECT_OBJC_ISA_USAGE = YES_ERROR;
				CLANG_WARN_EMPTY_BODY = YES;
				CLANG_WARN_ENUM_CONVERSION = YES;
				CLANG_WARN_INFINITE_RECURSION = YES;
				CLANG_WARN_INT_CONVERSION = YES;
				CLANG_WARN_NON_LITERAL_NULL_CONVERSION = YES;
				CLANG_WARN_OBJC_IMPLICIT_RETAIN_SELF = YES;
				CLANG_WARN_OBJC_LITERAL_CONVERSION = YES;
				CLANG_WARN_OBJC_ROOT_CLASS = YES_ERROR;
				CLANG_WARN_RANGE_LOOP_ANALYSIS = YES;
				CLANG_WARN_STRICT_PROTOTYPES = YES;
				CLANG_WARN_SUSPICIOUS_MOVE = YES;
				CLANG_WARN_UNREACHABLE_CODE = YES;
				CLANG_WARN__DUPLICATE_METHOD_MATCH = YES;
				"CODE_SIGN_IDENTITY[sdk=iphoneos*]" = "iPhone Developer";
				COPY_PHASE_STRIP = NO;
				ENABLE_NS_ASSERTIONS = NO;
				ENABLE_STRICT_OBJC_MSGSEND = YES;
				GCC_C_LANGUAGE_STANDARD = gnu99;
				GCC_NO_COMMON_BLOCKS = YES;
				GCC_WARN_64_TO_32_BIT_CONVERSION = YES;
				GCC_WARN_ABOUT_RETURN_TYPE = YES_ERROR;
				GCC_WARN_UNDECLARED_SELECTOR = YES;
				GCC_WARN_UNINITIALIZED_AUTOS = YES_AGGRESSIVE;
				GCC_WARN_UNUSED_FUNCTION = YES;
				GCC_WARN_UNUSED_VARIABLE = YES;
				IPHONEOS_DEPLOYMENT_TARGET = 8.2;
				MTL_ENABLE_DEBUG_INFO = NO;
				SDKROOT = iphoneos;
				TARGETED_DEVICE_FAMILY = "1,2";
				VALIDATE_PRODUCT = YES;
			};
			name = Release;
		};
		42C875921AB785BF00ED1B9B /* Debug */ = {
			isa = XCBuildConfiguration;
			buildSettings = {
				ASSETCATALOG_COMPILER_APPICON_NAME = AppIcon;
				CODE_SIGN_IDENTITY = "iPhone Developer";
				"CODE_SIGN_IDENTITY[sdk=iphoneos*]" = "iPhone Developer";
				INFOPLIST_FILE = VisitedCountries/Info.plist;
				LD_RUNPATH_SEARCH_PATHS = "$(inherited) @executable_path/Frameworks";
				PRODUCT_BUNDLE_IDENTIFIER = "net.ro-z.$(PRODUCT_NAME:rfc1034identifier)";
				PRODUCT_NAME = "$(TARGET_NAME)";
				PROVISIONING_PROFILE = "";
			};
			name = Debug;
		};
		42C875931AB785BF00ED1B9B /* Release */ = {
			isa = XCBuildConfiguration;
			buildSettings = {
				ASSETCATALOG_COMPILER_APPICON_NAME = AppIcon;
				CODE_SIGN_IDENTITY = "iPhone Developer";
				"CODE_SIGN_IDENTITY[sdk=iphoneos*]" = "iPhone Developer";
				INFOPLIST_FILE = VisitedCountries/Info.plist;
				LD_RUNPATH_SEARCH_PATHS = "$(inherited) @executable_path/Frameworks";
				PRODUCT_BUNDLE_IDENTIFIER = "net.ro-z.$(PRODUCT_NAME:rfc1034identifier)";
				PRODUCT_NAME = "$(TARGET_NAME)";
				PROVISIONING_PROFILE = "";
			};
			name = Release;
		};
		42C875951AB785BF00ED1B9B /* Debug */ = {
			isa = XCBuildConfiguration;
			buildSettings = {
				BUNDLE_LOADER = "$(TEST_HOST)";
				FRAMEWORK_SEARCH_PATHS = (
					"$(SDKROOT)/Developer/Library/Frameworks",
					"$(inherited)",
				);
				GCC_PREPROCESSOR_DEFINITIONS = (
					"DEBUG=1",
					"$(inherited)",
				);
				INFOPLIST_FILE = VisitedCountriesTests/Info.plist;
				LD_RUNPATH_SEARCH_PATHS = "$(inherited) @executable_path/Frameworks @loader_path/Frameworks";
				PRODUCT_BUNDLE_IDENTIFIER = "net.ro-z.$(PRODUCT_NAME:rfc1034identifier)";
				PRODUCT_NAME = "$(TARGET_NAME)";
				TEST_HOST = "$(BUILT_PRODUCTS_DIR)/VisitedCountries.app/VisitedCountries";
			};
			name = Debug;
		};
		42C875961AB785BF00ED1B9B /* Release */ = {
			isa = XCBuildConfiguration;
			buildSettings = {
				BUNDLE_LOADER = "$(TEST_HOST)";
				FRAMEWORK_SEARCH_PATHS = (
					"$(SDKROOT)/Developer/Library/Frameworks",
					"$(inherited)",
				);
				INFOPLIST_FILE = VisitedCountriesTests/Info.plist;
				LD_RUNPATH_SEARCH_PATHS = "$(inherited) @executable_path/Frameworks @loader_path/Frameworks";
				PRODUCT_BUNDLE_IDENTIFIER = "net.ro-z.$(PRODUCT_NAME:rfc1034identifier)";
				PRODUCT_NAME = "$(TARGET_NAME)";
				TEST_HOST = "$(BUILT_PRODUCTS_DIR)/VisitedCountries.app/VisitedCountries";
			};
			name = Release;
		};
/* End XCBuildConfiguration section */

/* Begin XCConfigurationList section */
		42792C8C1AC8328E00555013 /* Build configuration list for PBXNativeTarget "shapeview" */ = {
			isa = XCConfigurationList;
			buildConfigurations = (
				42792C8D1AC8328E00555013 /* Debug */,
				42792C8E1AC8328E00555013 /* Release */,
			);
			defaultConfigurationIsVisible = 0;
			defaultConfigurationName = Release;
		};
		42792C8F1AC8328E00555013 /* Build configuration list for PBXNativeTarget "shapeviewTests" */ = {
			isa = XCConfigurationList;
			buildConfigurations = (
				42792C901AC8328E00555013 /* Debug */,
				42792C911AC8328E00555013 /* Release */,
			);
			defaultConfigurationIsVisible = 0;
			defaultConfigurationName = Release;
		};
		42C875691AB785BF00ED1B9B /* Build configuration list for PBXProject "ShapeFileViewer" */ = {
			isa = XCConfigurationList;
			buildConfigurations = (
				42C8758F1AB785BF00ED1B9B /* Debug */,
				42C875901AB785BF00ED1B9B /* Release */,
			);
			defaultConfigurationIsVisible = 0;
			defaultConfigurationName = Release;
		};
		42C875911AB785BF00ED1B9B /* Build configuration list for PBXNativeTarget "VisitedCountries" */ = {
			isa = XCConfigurationList;
			buildConfigurations = (
				42C875921AB785BF00ED1B9B /* Debug */,
				42C875931AB785BF00ED1B9B /* Release */,
			);
			defaultConfigurationIsVisible = 0;
			defaultConfigurationName = Release;
		};
		42C875941AB785BF00ED1B9B /* Build configuration list for PBXNativeTarget "VisitedCountriesTests" */ = {
			isa = XCConfigurationList;
			buildConfigurations = (
				42C875951AB785BF00ED1B9B /* Debug */,
				42C875961AB785BF00ED1B9B /* Release */,
			);
			defaultConfigurationIsVisible = 0;
			defaultConfigurationName = Release;
		};
/* End XCConfigurationList section */
	};
	rootObject = 42C875661AB785BF00ED1B9B /* Project object */;
}
